{
  "name": "light-heart-tales",
  "version": "0.1.0",
  "lockfileVersion": 3,
  "requires": true,
  "packages": {
    "": {
      "name": "light-heart-tales",
      "version": "0.1.0",
      "dependencies": {
        "next": "14.1.0",
        "react": "18.2.0",
        "react-dom": "18.2.0"
      },
      "devDependencies": {
        "@types/node": "20.11.30",
        "@types/react": "18.2.46",
        "@types/react-dom": "18.2.17",
        "typescript": "5.3.3"
      }
    },
    "node_modules/@next/env": {
      "version": "14.1.0",
      "resolved": "http://npm.classup.info/@next/env/download/@next/env-14.1.0.tgz",
      "integrity": "sha1-Q9kuu1O8CuQ9zGT7TUGPjxfXo0E="
    },
    "node_modules/@next/swc-darwin-arm64": {
      "version": "14.1.0",
      "resolved": "http://npm.classup.info/@next/swc-darwin-arm64/download/@next/swc-darwin-arm64-14.1.0.tgz",
      "integrity": "sha1-cKV8h6sa5aqWOjug9OWeGPTs6jk=",
      "optional": true,
      "engines": {
        "node": ">= 10"
      }
    },
    "node_modules/@next/swc-darwin-x64": {
      "version": "14.1.0",
      "resolved": "http://npm.classup.info/@next/swc-darwin-x64/download/@next/swc-darwin-x64-14.1.0.tgz",
      "integrity": "sha1-CGOiL+rhVA6Dwkk4S1OQaf7wVOk=",
      "optional": true,
      "engines": {
        "node": ">= 10"
      }
    },
    "node_modules/@next/swc-linux-arm64-gnu": {
      "version": "14.1.0",
      "resolved": "http://npm.classup.info/@next/swc-linux-arm64-gnu/download/@next/swc-linux-arm64-gnu-14.1.0.tgz",
      "integrity": "sha1-iT2lM9P85K7HEW/nctT5uVIyQjw=",
      "optional": true,
      "engines": {
        "node": ">= 10"
      }
    },
    "node_modules/@next/swc-linux-arm64-musl": {
      "version": "14.1.0",
      "resolved": "http://npm.classup.info/@next/swc-linux-arm64-musl/download/@next/swc-linux-arm64-musl-14.1.0.tgz",
      "integrity": "sha1-2B3c+VkWMQuLDkrTK2N0BlZCRMA=",
      "optional": true,
      "engines": {
        "node": ">= 10"
      }
    },
    "node_modules/@next/swc-linux-x64-gnu": {
      "version": "14.1.0",
      "resolved": "http://npm.classup.info/@next/swc-linux-x64-gnu/download/@next/swc-linux-x64-gnu-14.1.0.tgz",
      "integrity": "sha1-GJZ/EA7BmTg1QzLcsCaDk8us9YE=",
      "optional": true,
      "engines": {
        "node": ">= 10"
      }
    },
    "node_modules/@next/swc-linux-x64-musl": {
      "version": "14.1.0",
      "resolved": "http://npm.classup.info/@next/swc-linux-x64-musl/download/@next/swc-linux-x64-musl-14.1.0.tgz",
      "integrity": "sha1-dwd81LqN2o80ncfOtiMOaO4yk88=",
      "optional": true,
      "engines": {
        "node": ">= 10"
      }
    },
    "node_modules/@next/swc-win32-arm64-msvc": {
      "version": "14.1.0",
      "resolved": "http://npm.classup.info/@next/swc-win32-arm64-msvc/download/@next/swc-win32-arm64-msvc-14.1.0.tgz",
      "integrity": "sha1-XwuM+VVkQQRiHm18ySPK06TFNlo=",
      "optional": true,
      "engines": {
        "node": ">= 10"
      }
    },
    "node_modules/@next/swc-win32-ia32-msvc": {
      "version": "14.1.0",
      "resolved": "http://npm.classup.info/@next/swc-win32-ia32-msvc/download/@next/swc-win32-ia32-msvc-14.1.0.tgz",
      "integrity": "sha1-IfTeEpOsXloWikErE52100IKidA=",
      "optional": true,
      "engines": {
        "node": ">= 10"
      }
    },
    "node_modules/@next/swc-win32-x64-msvc": {
      "version": "14.1.0",
      "resolved": "http://npm.classup.info/@next/swc-win32-x64-msvc/download/@next/swc-win32-x64-msvc-14.1.0.tgz",
      "integrity": "sha1-5WH7MwRm1BgHEj2TKzZc89M866I=",
      "optional": true,
      "engines": {
        "node": ">= 10"
      }
    },
    "node_modules/@opentelemetry/api": {
      "version": "1.9.0",
      "resolved": "http://npm.classup.info/@opentelemetry/api/download/@opentelemetry/api-1.9.0.tgz",
      "integrity": "sha1-0D66aCc9wPdQnio9XLoh6uEDef4=",
      "peer": true,
      "engines": {
        "node": ">=8.0.0"
      }
    },
    "node_modules/@parcel/watcher": {
      "version": "2.5.1",
      "resolved": "http://npm.classup.info/@parcel/watcher/download/@parcel/watcher-2.5.1.tgz",
      "integrity": "sha1-NCUHqc+q8XJHmogjCd7x6ZH7EgA=",
      "hasInstallScript": true,
      "optional": true,
      "peer": true,
      "dependencies": {
        "detect-libc": "^1.0.3",
        "is-glob": "^4.0.3",
        "micromatch": "^4.0.5",
        "node-addon-api": "^7.0.0"
      },
      "engines": {
        "node": ">= 10.0.0"
      },
      "optionalDependencies": {
        "@parcel/watcher-android-arm64": "2.5.1",
        "@parcel/watcher-darwin-arm64": "2.5.1",
        "@parcel/watcher-darwin-x64": "2.5.1",
        "@parcel/watcher-freebsd-x64": "2.5.1",
        "@parcel/watcher-linux-arm-glibc": "2.5.1",
        "@parcel/watcher-linux-arm-musl": "2.5.1",
        "@parcel/watcher-linux-arm64-glibc": "2.5.1",
        "@parcel/watcher-linux-arm64-musl": "2.5.1",
        "@parcel/watcher-linux-x64-glibc": "2.5.1",
        "@parcel/watcher-linux-x64-musl": "2.5.1",
        "@parcel/watcher-win32-arm64": "2.5.1",
        "@parcel/watcher-win32-ia32": "2.5.1",
        "@parcel/watcher-win32-x64": "2.5.1"
      }
    },
    "node_modules/@parcel/watcher-android-arm64": {
      "version": "2.5.1",
      "resolved": "http://npm.classup.info/@parcel/watcher-android-arm64/download/@parcel/watcher-android-arm64-2.5.1.tgz",
      "integrity": "sha1-UH+DbX4gQveYx9B60Zw1RvmEisE=",
      "optional": true,
      "peer": true,
      "engines": {
        "node": ">= 10.0.0"
      }
    },
    "node_modules/@parcel/watcher-darwin-arm64": {
      "version": "2.5.1",
      "resolved": "http://npm.classup.info/@parcel/watcher-darwin-arm64/download/@parcel/watcher-darwin-arm64-2.5.1.tgz",
      "integrity": "sha1-PSbc443mWQ73nEfsLFV5PAatT2c=",
      "optional": true,
      "peer": true,
      "engines": {
        "node": ">= 10.0.0"
      }
    },
    "node_modules/@parcel/watcher-darwin-x64": {
      "version": "2.5.1",
      "resolved": "http://npm.classup.info/@parcel/watcher-darwin-x64/download/@parcel/watcher-darwin-x64-2.5.1.tgz",
      "integrity": "sha1-mfOvOGkGnM93Tk3fzPfmT9IxHvg=",
      "optional": true,
      "peer": true,
      "engines": {
        "node": ">= 10.0.0"
      }
    },
    "node_modules/@parcel/watcher-freebsd-x64": {
      "version": "2.5.1",
      "resolved": "http://npm.classup.info/@parcel/watcher-freebsd-x64/download/@parcel/watcher-freebsd-x64-2.5.1.tgz",
      "integrity": "sha1-FNaFd0Gp9R3+UdWwi3yK/bxzrZs=",
      "optional": true,
      "peer": true,
      "engines": {
        "node": ">= 10.0.0"
      }
    },
    "node_modules/@parcel/watcher-linux-arm-glibc": {
      "version": "2.5.1",
      "resolved": "http://npm.classup.info/@parcel/watcher-linux-arm-glibc/download/@parcel/watcher-linux-arm-glibc-2.5.1.tgz",
      "integrity": "sha1-Q8MkbWiSOB20c7tPZjIprSC2CaE=",
      "optional": true,
      "peer": true,
      "engines": {
        "node": ">= 10.0.0"
      }
    },
    "node_modules/@parcel/watcher-linux-arm-musl": {
      "version": "2.5.1",
      "resolved": "http://npm.classup.info/@parcel/watcher-linux-arm-musl/download/@parcel/watcher-linux-arm-musl-2.5.1.tgz",
      "integrity": "sha1-ZjdQ9wkLtieNIhDeZD64o/eA0I4=",
      "optional": true,
      "peer": true,
      "engines": {
        "node": ">= 10.0.0"
      }
    },
    "node_modules/@parcel/watcher-linux-arm64-glibc": {
      "version": "2.5.1",
      "resolved": "http://npm.classup.info/@parcel/watcher-linux-arm64-glibc/download/@parcel/watcher-linux-arm64-glibc-2.5.1.tgz",
      "integrity": "sha1-umDh9Wl39+R81+Ma1l0V/cvQfjA=",
      "optional": true,
      "peer": true,
      "engines": {
        "node": ">= 10.0.0"
      }
    },
    "node_modules/@parcel/watcher-linux-arm64-musl": {
      "version": "2.5.1",
      "resolved": "http://npm.classup.info/@parcel/watcher-linux-arm64-musl/download/@parcel/watcher-linux-arm64-musl-2.5.1.tgz",
      "integrity": "sha1-9/vN/y8ExSb5bqwB+XQZpqmYVdI=",
      "optional": true,
      "peer": true,
      "engines": {
        "node": ">= 10.0.0"
      }
    },
    "node_modules/@parcel/watcher-linux-x64-glibc": {
      "version": "2.5.1",
      "resolved": "http://npm.classup.info/@parcel/watcher-linux-x64-glibc/download/@parcel/watcher-linux-x64-glibc-2.5.1.tgz",
      "integrity": "sha1-TS6g9jPrGRfYPUgzks5hgbapLk4=",
      "optional": true,
      "peer": true,
      "engines": {
        "node": ">= 10.0.0"
      }
    },
    "node_modules/@parcel/watcher-linux-x64-musl": {
      "version": "2.5.1",
      "resolved": "http://npm.classup.info/@parcel/watcher-linux-x64-musl/download/@parcel/watcher-linux-x64-musl-2.5.1.tgz",
      "integrity": "sha1-J3s0awXbVPVWVzAd13vfmdY2Bu4=",
      "optional": true,
      "peer": true,
      "engines": {
        "node": ">= 10.0.0"
      }
    },
    "node_modules/@parcel/watcher-win32-arm64": {
      "version": "2.5.1",
      "resolved": "http://npm.classup.info/@parcel/watcher-win32-arm64/download/@parcel/watcher-win32-arm64-2.5.1.tgz",
      "integrity": "sha1-fp4ComeE1HUD3h0Q6Oq2zOtSQkM=",
      "optional": true,
      "peer": true,
      "engines": {
        "node": ">= 10.0.0"
      }
    },
    "node_modules/@parcel/watcher-win32-ia32": {
      "version": "2.5.1",
      "resolved": "http://npm.classup.info/@parcel/watcher-win32-ia32/download/@parcel/watcher-win32-ia32-2.5.1.tgz",
      "integrity": "sha1-LQ+U+lmoc83FhL9/ax3GKN35duY=",
      "optional": true,
      "peer": true,
      "engines": {
        "node": ">= 10.0.0"
      }
    },
    "node_modules/@parcel/watcher-win32-x64": {
      "version": "2.5.1",
      "resolved": "http://npm.classup.info/@parcel/watcher-win32-x64/download/@parcel/watcher-win32-x64-2.5.1.tgz",
      "integrity": "sha1-rlJpMllmS6byIo+mHX7kS2TqCUc=",
      "optional": true,
      "peer": true,
      "engines": {
        "node": ">= 10.0.0"
      }
    },
    "node_modules/@swc/helpers": {
      "version": "0.5.2",
      "resolved": "http://npm.classup.info/@swc/helpers/download/@swc/helpers-0.5.2.tgz",
      "integrity": "sha1-heoMdkULYa19EKNwUCie3teDwn0=",
      "dependencies": {
        "tslib": "^2.4.0"
      }
    },
    "node_modules/@types/node": {
      "version": "20.11.30",
      "resolved": "http://npm.classup.info/@types/node/download/@types/node-20.11.30.tgz",
      "integrity": "sha1-nDNGf8IxZ6NH5zg094j0ufOZ1m8=",
      "dev": true,
      "dependencies": {
        "undici-types": "~5.26.4"
      }
    },
    "node_modules/@types/prop-types": {
      "version": "15.7.15",
      "resolved": "http://npm.classup.info/@types/prop-types/download/@types/prop-types-15.7.15.tgz",
      "integrity": "sha1-5uWobWAr6spxzlFj+t9fldcJMcc=",
      "dev": true
    },
    "node_modules/@types/react": {
      "version": "18.2.46",
      "resolved": "http://npm.classup.info/@types/react/download/@types/react-18.2.46.tgz",
      "integrity": "sha1-8E1sUo+PE26mYzO8ZqvK5G4mgN8=",
      "dev": true,
      "dependencies": {
        "@types/prop-types": "*",
        "@types/scheduler": "*",
        "csstype": "^3.0.2"
      }
    },
    "node_modules/@types/react-dom": {
      "version": "18.2.17",
      "resolved": "http://npm.classup.info/@types/react-dom/download/@types/react-dom-18.2.17.tgz",
      "integrity": "sha1-N1xV+rSuZxvZhEjc+hUyaNAdb2Q=",
      "dev": true,
      "dependencies": {
        "@types/react": "*"
      }
    },
    "node_modules/@types/scheduler": {
      "version": "0.26.0",
      "resolved": "http://npm.classup.info/@types/scheduler/download/@types/scheduler-0.26.0.tgz",
      "integrity": "sha1-K3GDubu2ItEwsjvt8GiZt/7H7tU=",
      "dev": true
    },
    "node_modules/braces": {
      "version": "3.0.3",
      "resolved": "http://npm.classup.info/braces/download/braces-3.0.3.tgz",
      "integrity": "sha1-SQMy9AkZRSJy1VqEgK3AxEE1h4k=",
      "optional": true,
      "peer": true,
      "dependencies": {
        "fill-range": "^7.1.1"
      },
      "engines": {
        "node": ">=8"
      }
    },
    "node_modules/busboy": {
      "version": "1.6.0",
      "resolved": "http://npm.classup.info/busboy/download/busboy-1.6.0.tgz",
      "integrity": "sha1-lm6japUC5DzbkUaWJSO5L1MfaJM=",
      "dependencies": {
        "streamsearch": "^1.1.0"
      },
      "engines": {
        "node": ">=10.16.0"
      }
    },
    "node_modules/caniuse-lite": {
      "version": "1.0.30001743",
      "resolved": "http://npm.classup.info/caniuse-lite/download/caniuse-lite-1.0.30001743.tgz",
      "integrity": "sha1-UP+RqZEiCh7i31rwBlDdXDCOp80="
    },
    "node_modules/chokidar": {
      "version": "4.0.3",
      "resolved": "http://npm.classup.info/chokidar/download/chokidar-4.0.3.tgz",
      "integrity": "sha1-e+N6TAPJruHs/oYqSiOyxwwgXTA=",
      "peer": true,
      "dependencies": {
        "readdirp": "^4.0.1"
      },
      "engines": {
        "node": ">= 14.16.0"
      }
    },
    "node_modules/client-only": {
      "version": "0.0.1",
      "resolved": "http://npm.classup.info/client-only/download/client-only-0.0.1.tgz",
      "integrity": "sha1-OLul1APEGrFQv/ZKlchQE89zvKE="
    },
    "node_modules/csstype": {
      "version": "3.1.3",
      "resolved": "http://npm.classup.info/csstype/download/csstype-3.1.3.tgz",
      "integrity": "sha1-2A/ylNEU+w5qxQD7+FtgE31+/4E=",
      "dev": true
    },
    "node_modules/detect-libc": {
      "version": "1.0.3",
      "resolved": "http://npm.classup.info/detect-libc/download/detect-libc-1.0.3.tgz",
      "integrity": "sha1-+hN8S9aY7fVc1c0CrFWfkaTEups=",
      "optional": true,
      "peer": true,
      "bin": {
        "detect-libc": "bin/detect-libc.js"
      },
      "engines": {
        "node": ">=0.10"
      }
    },
    "node_modules/fill-range": {
      "version": "7.1.1",
      "resolved": "http://npm.classup.info/fill-range/download/fill-range-7.1.1.tgz",
      "integrity": "sha1-RCZdPKwH4+p9wkdRY4BkN1SgUpI=",
      "optional": true,
      "peer": true,
      "dependencies": {
        "to-regex-range": "^5.0.1"
      },
      "engines": {
        "node": ">=8"
      }
    },
    "node_modules/graceful-fs": {
      "version": "4.2.11",
      "resolved": "http://npm.classup.info/graceful-fs/download/graceful-fs-4.2.11.tgz",
      "integrity": "sha1-QYPk6L8Iu24Fu7L30uDI9xLKQOM="
    },
    "node_modules/immutable": {
      "version": "5.1.3",
      "resolved": "http://npm.classup.info/immutable/download/immutable-5.1.3.tgz",
      "integrity": "sha1-5khmlMi3bDfAY8ypI5n6ZAmGNNQ=",
      "peer": true
    },
    "node_modules/is-extglob": {
      "version": "2.1.1",
      "resolved": "http://npm.classup.info/is-extglob/download/is-extglob-2.1.1.tgz",
      "integrity": "sha1-qIwCU1eR8C7TfHahueqXc8gz+MI=",
      "optional": true,
      "peer": true,
      "engines": {
        "node": ">=0.10.0"
      }
    },
    "node_modules/is-glob": {
      "version": "4.0.3",
      "resolved": "http://npm.classup.info/is-glob/download/is-glob-4.0.3.tgz",
      "integrity": "sha1-ZPYeQsu7LuwgcanawLKLoeZdUIQ=",
      "optional": true,
      "peer": true,
      "dependencies": {
        "is-extglob": "^2.1.1"
      },
      "engines": {
        "node": ">=0.10.0"
      }
    },
    "node_modules/is-number": {
      "version": "7.0.0",
      "resolved": "http://npm.classup.info/is-number/download/is-number-7.0.0.tgz",
      "integrity": "sha1-dTU0W4lnNNX4DE0GxQlVUnoU8Ss=",
      "optional": true,
      "peer": true,
      "engines": {
        "node": ">=0.12.0"
      }
    },
    "node_modules/js-tokens": {
      "version": "4.0.0",
      "resolved": "http://npm.classup.info/js-tokens/download/js-tokens-4.0.0.tgz",
      "integrity": "sha1-GSA/tZmR35jjoocFDUZHzerzJJk="
    },
    "node_modules/loose-envify": {
      "version": "1.4.0",
      "resolved": "http://npm.classup.info/loose-envify/download/loose-envify-1.4.0.tgz",
      "integrity": "sha1-ce5R+nvkyuwaY4OffmgtgTLTDK8=",
      "dependencies": {
        "js-tokens": "^3.0.0 || ^4.0.0"
      },
      "bin": {
        "loose-envify": "cli.js"
      }
    },
    "node_modules/micromatch": {
      "version": "4.0.8",
      "resolved": "http://npm.classup.info/micromatch/download/micromatch-4.0.8.tgz",
      "integrity": "sha1-1m+hjzpHB2eJMgubGvMr2G2fogI=",
      "optional": true,
      "peer": true,
      "dependencies": {
        "braces": "^3.0.3",
        "picomatch": "^2.3.1"
      },
      "engines": {
        "node": ">=8.6"
      }
    },
    "node_modules/nanoid": {
      "version": "3.3.11",
      "resolved": "http://npm.classup.info/nanoid/download/nanoid-3.3.11.tgz",
      "integrity": "sha1-T08RLO++MDIC8hmYOBKJNiZtGFs=",
      "bin": {
        "nanoid": "bin/nanoid.cjs"
      },
      "engines": {
        "node": "^10 || ^12 || ^13.7 || ^14 || >=15.0.1"
      }
    },
    "node_modules/next": {
      "version": "14.1.0",
      "resolved": "http://npm.classup.info/next/download/next-14.1.0.tgz",
      "integrity": "sha1-sxwCYf+cqmtKF8WvAZ7Xc4cXS2k=",
      "dependencies": {
        "@next/env": "14.1.0",
        "@swc/helpers": "0.5.2",
        "busboy": "1.6.0",
        "caniuse-lite": "^1.0.30001579",
        "graceful-fs": "^4.2.11",
        "postcss": "8.4.31",
        "styled-jsx": "5.1.1"
      },
      "bin": {
        "next": "dist/bin/next"
      },
      "engines": {
        "node": ">=18.17.0"
      },
      "optionalDependencies": {
        "@next/swc-darwin-arm64": "14.1.0",
        "@next/swc-darwin-x64": "14.1.0",
        "@next/swc-linux-arm64-gnu": "14.1.0",
        "@next/swc-linux-arm64-musl": "14.1.0",
        "@next/swc-linux-x64-gnu": "14.1.0",
        "@next/swc-linux-x64-musl": "14.1.0",
        "@next/swc-win32-arm64-msvc": "14.1.0",
        "@next/swc-win32-ia32-msvc": "14.1.0",
        "@next/swc-win32-x64-msvc": "14.1.0"
      },
      "peerDependencies": {
        "@opentelemetry/api": "^1.1.0",
        "react": "^18.2.0",
        "react-dom": "^18.2.0",
        "sass": "^1.3.0"
      }
    },
    "node_modules/node-addon-api": {
      "version": "7.1.1",
      "resolved": "http://npm.classup.info/node-addon-api/download/node-addon-api-7.1.1.tgz",
      "integrity": "sha1-Grpmk7DyVSWKBJ1iEykykyKq1Vg=",
      "optional": true,
      "peer": true
    },
    "node_modules/picocolors": {
      "version": "1.1.1",
      "resolved": "http://npm.classup.info/picocolors/download/picocolors-1.1.1.tgz",
      "integrity": "sha1-PTIa8+q5ObCDyPkpodEs2oHCa2s="
    },
    "node_modules/picomatch": {
      "version": "2.3.1",
      "resolved": "http://npm.classup.info/picomatch/download/picomatch-2.3.1.tgz",
      "integrity": "sha1-O6ODNzNkbZ0+SZWUbBNlpn+wekI=",
      "optional": true,
      "peer": true,
      "engines": {
        "node": ">=8.6"
      }
    },
    "node_modules/postcss": {
      "version": "8.4.31",
      "resolved": "http://npm.classup.info/postcss/download/postcss-8.4.31.tgz",
      "integrity": "sha1-krRRBQqfkU2mdVrzUr3AGSUIZW0=",
      "dependencies": {
        "nanoid": "^3.3.6",
        "picocolors": "^1.0.0",
        "source-map-js": "^1.0.2"
      },
      "engines": {
        "node": "^10 || ^12 || >=14"
      }
    },
    "node_modules/react": {
      "version": "18.2.0",
      "resolved": "http://npm.classup.info/react/download/react-18.2.0.tgz",
      "integrity": "sha1-VVvZhZKIMlX6AN4U8RUakXtdd9U=",
      "dependencies": {
        "loose-envify": "^1.1.0"
      },
      "engines": {
        "node": ">=0.10.0"
      }
    },
    "node_modules/react-dom": {
      "version": "18.2.0",
      "resolved": "http://npm.classup.info/react-dom/download/react-dom-18.2.0.tgz",
      "integrity": "sha1-IqrzhwjbJnTtmtoiTKSqcI2CHj0=",
      "dependencies": {
        "loose-envify": "^1.1.0",
        "scheduler": "^0.23.0"
      },
      "peerDependencies": {
        "react": "^18.2.0"
      }
    },
    "node_modules/readdirp": {
      "version": "4.1.2",
      "resolved": "http://npm.classup.info/readdirp/download/readdirp-4.1.2.tgz",
      "integrity": "sha1-64WAFDX78qfuWPGeCSGwaPxplI0=",
      "peer": true,
      "engines": {
        "node": ">= 14.18.0"
      }
    },
    "node_modules/sass": {
      "version": "1.93.1",
      "resolved": "http://npm.classup.info/sass/download/sass-1.93.1.tgz",
      "integrity": "sha1-lL937u9fugIscxZRUyfideRrZU4=",
      "peer": true,
      "dependencies": {
        "chokidar": "^4.0.0",
        "immutable": "^5.0.2",
        "source-map-js": ">=0.6.2 <2.0.0"
      },
      "bin": {
        "sass": "sass.js"
      },
      "engines": {
        "node": ">=14.0.0"
      },
      "optionalDependencies": {
        "@parcel/watcher": "^2.4.1"
      }
    },
    "node_modules/scheduler": {
      "version": "0.23.2",
      "resolved": "http://npm.classup.info/scheduler/download/scheduler-0.23.2.tgz",
      "integrity": "sha1-QUumSjsoKJLpRM8hCOzAeNEVzcM=",
      "dependencies": {
        "loose-envify": "^1.1.0"
      }
    },
    "node_modules/source-map-js": {
      "version": "1.2.1",
      "resolved": "http://npm.classup.info/source-map-js/download/source-map-js-1.2.1.tgz",
      "integrity": "sha1-HOVlD93YerwJnto33P8CTCZnrkY=",
      "engines": {
        "node": ">=0.10.0"
      }
    },
    "node_modules/streamsearch": {
      "version": "1.1.0",
      "resolved": "http://npm.classup.info/streamsearch/download/streamsearch-1.1.0.tgz",
      "integrity": "sha1-QE3R4iR8qUr1VOhBqO8OqiONp2Q=",
      "engines": {
        "node": ">=10.0.0"
      }
    },
    "node_modules/styled-jsx": {
      "version": "5.1.1",
      "resolved": "http://npm.classup.info/styled-jsx/download/styled-jsx-5.1.1.tgz",
      "integrity": "sha1-g5ocOqrMTnNf7QeBuGGepdAAnR8=",
      "dependencies": {
        "client-only": "0.0.1"
      },
      "engines": {
        "node": ">= 12.0.0"
      },
      "peerDependencies": {
        "react": ">= 16.8.0 || 17.x.x || ^18.0.0-0"
      }
    },
    "node_modules/to-regex-range": {
      "version": "5.0.1",
      "resolved": "http://npm.classup.info/to-regex-range/download/to-regex-range-5.0.1.tgz",
      "integrity": "sha1-FkjESq58jZiKMmAY7XL1tN0DkuQ=",
      "optional": true,
      "peer": true,
      "dependencies": {
        "is-number": "^7.0.0"
      },
      "engines": {
        "node": ">=8.0"
      }
    },
    "node_modules/tslib": {
      "version": "2.8.1",
      "resolved": "http://npm.classup.info/tslib/download/tslib-2.8.1.tgz",
      "integrity": "sha1-YS7+TtI11Wfoq6Xypfq3AoCt6D8="
    },
    "node_modules/typescript": {
      "version": "5.3.3",
      "resolved": "http://npm.classup.info/typescript/download/typescript-5.3.3.tgz",
      "integrity": "sha1-s85roljnLmMFumb1ybRSqu4//jc=",
      "dev": true,
      "bin": {
        "tsc": "bin/tsc",
        "tsserver": "bin/tsserver"
      },
      "engines": {
        "node": ">=14.17"
      }
    },
    "node_modules/undici-types": {
      "version": "5.26.5",
      "resolved": "http://npm.classup.info/undici-types/download/undici-types-5.26.5.tgz",
      "integrity": "sha1-vNU5iT0AtW6WT9JlekhmsiGmVhc=",
      "dev": true
    }
  }
}
